{
    "_meta": {
        "hash": {
            "sha256": "52ac94b73e82ba26c77a5d328a8072c97a9237ef416336ac1f34de6c9e018d27"
        },
        "pipfile-spec": 6,
        "requires": {
            "python_version": "3.8"
        },
        "sources": [
            {
                "name": "pypi",
                "url": "https://pypi.org/simple",
                "verify_ssl": true
            }
        ]
    },
    "default": {
        "filetype": {
            "hashes": [
                "sha256:353369948bb1c09b8b3ea3d78390b5586e9399bff9aab894a1dff954e31a66f6",
                "sha256:da393ece8d98b47edf2dd5a85a2c8733e44b769e32c71af4cd96ed8d38d96aa7"
            ],
            "index": "pypi",
            "version": "==1.0.7"
        },
        "pyexiftool": {
            "hashes": [
                "sha256:0fcf0aa29950882cc33395ad683b2e3067480e5237606b6741f0d28aeb9dd475",
                "sha256:a6c029fddec3b8f203a327ac1865f9c0173b22a2423c7edc81b33fa3153d34f3"
            ],
            "index": "pypi",
            "version": "==0.4.9"
        }
    },
    "develop": {}
}
